// !$*UTF8*$!
{
	archiveVersion = 1;
	classes = {
	};
	objectVersion = 46;
	objects = {

/* Begin PBXBuildFile section */
		843055D61F4EB96B000D0689 /* AppDelegate.swift in Sources */ = {isa = PBXBuildFile; fileRef = 843055D51F4EB96B000D0689 /* AppDelegate.swift */; };
		843055D81F4EB96B000D0689 /* PDBViewController.swift in Sources */ = {isa = PBXBuildFile; fileRef = 843055D71F4EB96B000D0689 /* PDBViewController.swift */; };
		843055DB1F4EB96B000D0689 /* Main.storyboard in Resources */ = {isa = PBXBuildFile; fileRef = 843055D91F4EB96B000D0689 /* Main.storyboard */; };
		843055DD1F4EB96B000D0689 /* Assets.xcassets in Resources */ = {isa = PBXBuildFile; fileRef = 843055DC1F4EB96B000D0689 /* Assets.xcassets */; };
		843055E01F4EB96B000D0689 /* LaunchScreen.storyboard in Resources */ = {isa = PBXBuildFile; fileRef = 843055DE1F4EB96B000D0689 /* LaunchScreen.storyboard */; };
		843055E81F4EBD5C000D0689 /* PDBConnectionManager.swift in Sources */ = {isa = PBXBuildFile; fileRef = 843055E71F4EBD5C000D0689 /* PDBConnectionManager.swift */; };
/* End PBXBuildFile section */

/* Begin PBXFileReference section */
		843055D21F4EB96B000D0689 /* DevicesConnection.app */ = {isa = PBXFileReference; explicitFileType = wrapper.application; includeInIndex = 0; path = DevicesConnection.app; sourceTree = BUILT_PRODUCTS_DIR; };
		843055D51F4EB96B000D0689 /* AppDelegate.swift */ = {isa = PBXFileReference; lastKnownFileType = sourcecode.swift; path = AppDelegate.swift; sourceTree = "<group>"; };
		843055D71F4EB96B000D0689 /* PDBViewController.swift */ = {isa = PBXFileReference; lastKnownFileType = sourcecode.swift; path = PDBViewController.swift; sourceTree = "<group>"; };
		843055DA1F4EB96B000D0689 /* Base */ = {isa = PBXFileReference; lastKnownFileType = file.storyboard; name = Base; path = Base.lproj/Main.storyboard; sourceTree = "<group>"; };
		843055DC1F4EB96B000D0689 /* Assets.xcassets */ = {isa = PBXFileReference; lastKnownFileType = folder.assetcatalog; path = Assets.xcassets; sourceTree = "<group>"; };
		843055DF1F4EB96B000D0689 /* Base */ = {isa = PBXFileReference; lastKnownFileType = file.storyboard; name = Base; path = Base.lproj/LaunchScreen.storyboard; sourceTree = "<group>"; };
		843055E11F4EB96B000D0689 /* Info.plist */ = {isa = PBXFileReference; lastKnownFileType = text.plist.xml; path = Info.plist; sourceTree = "<group>"; };
		843055E71F4EBD5C000D0689 /* PDBConnectionManager.swift */ = {isa = PBXFileReference; fileEncoding = 4; lastKnownFileType = sourcecode.swift; path = PDBConnectionManager.swift; sourceTree = "<group>"; };
/* End PBXFileReference section */

/* Begin PBXFrameworksBuildPhase section */
		843055CF1F4EB96B000D0689 /* Frameworks */ = {
			isa = PBXFrameworksBuildPhase;
			buildActionMask = 2147483647;
			files = (
			);
			runOnlyForDeploymentPostprocessing = 0;
		};
/* End PBXFrameworksBuildPhase section */

/* Begin PBXGroup section */
		843055C91F4EB96B000D0689 = {
			isa = PBXGroup;
			children = (
				843055D41F4EB96B000D0689 /* DevicesConnection */,
				843055D31F4EB96B000D0689 /* Products */,
			);
			sourceTree = "<group>";
		};
		843055D31F4EB96B000D0689 /* Products */ = {
			isa = PBXGroup;
			children = (
				843055D21F4EB96B000D0689 /* DevicesConnection.app */,
			);
			name = Products;
			sourceTree = "<group>";
		};
		843055D41F4EB96B000D0689 /* DevicesConnection */ = {
			isa = PBXGroup;
			children = (
				843055D51F4EB96B000D0689 /* AppDelegate.swift */,
				843055D71F4EB96B000D0689 /* PDBViewController.swift */,
				843055D91F4EB96B000D0689 /* Main.storyboard */,
				843055DC1F4EB96B000D0689 /* Assets.xcassets */,
				843055DE1F4EB96B000D0689 /* LaunchScreen.storyboard */,
				843055E11F4EB96B000D0689 /* Info.plist */,
				843055E71F4EBD5C000D0689 /* PDBConnectionManager.swift */,
			);
			path = DevicesConnection;
			sourceTree = "<group>";
		};
/* End PBXGroup section */

/* Begin PBXNativeTarget section */
		843055D11F4EB96B000D0689 /* DevicesConnection */ = {
			isa = PBXNativeTarget;
			buildConfigurationList = 843055E41F4EB96B000D0689 /* Build configuration list for PBXNativeTarget "DevicesConnection" */;
			buildPhases = (
				843055CE1F4EB96B000D0689 /* Sources */,
				843055CF1F4EB96B000D0689 /* Frameworks */,
				843055D01F4EB96B000D0689 /* Resources */,
			);
			buildRules = (
			);
			dependencies = (
			);
			name = DevicesConnection;
			productName = DevicesConnection;
			productReference = 843055D21F4EB96B000D0689 /* DevicesConnection.app */;
			productType = "com.apple.product-type.application";
		};
/* End PBXNativeTarget section */

/* Begin PBXProject section */
		843055CA1F4EB96B000D0689 /* Project object */ = {
			isa = PBXProject;
			attributes = {
				LastSwiftUpdateCheck = 0820;
				LastUpgradeCheck = 0820;
				ORGANIZATIONNAME = dashaproduction;
				TargetAttributes = {
					843055D11F4EB96B000D0689 = {
						CreatedOnToolsVersion = 8.2.1;
						DevelopmentTeam = L748ZMC8YR;
						ProvisioningStyle = Automatic;
					};
				};
			};
			buildConfigurationList = 843055CD1F4EB96B000D0689 /* Build configuration list for PBXProject "DevicesConnection" */;
			compatibilityVersion = "Xcode 3.2";
			developmentRegion = English;
			hasScannedForEncodings = 0;
			knownRegions = (
				en,
				Base,
			);
			mainGroup = 843055C91F4EB96B000D0689;
			productRefGroup = 843055D31F4EB96B000D0689 /* Products */;
			projectDirPath = "";
			projectRoot = "";
			targets = (
				843055D11F4EB96B000D0689 /* DevicesConnection */,
			);
		};
/* End PBXProject section */

/* Begin PBXResourcesBuildPhase section */
		843055D01F4EB96B000D0689 /* Resources */ = {
			isa = PBXResourcesBuildPhase;
			buildActionMask = 2147483647;
			files = (
				843055E01F4EB96B000D0689 /* LaunchScreen.storyboard in Resources */,
				843055DD1F4EB96B000D0689 /* Assets.xcassets in Resources */,
				843055DB1F4EB96B000D0689 /* Main.storyboard in Resources */,
			);
			runOnlyForDeploymentPostprocessing = 0;
		};
/* End PBXResourcesBuildPhase section */

/* Begin PBXSourcesBuildPhase section */
		843055CE1F4EB96B000D0689 /* Sources */ = {
			isa = PBXSourcesBuildPhase;
			buildActionMask = 2147483647;
			files = (
				843055E81F4EBD5C000D0689 /* PDBConnectionManager.swift in Sources */,
				843055D81F4EB96B000D0689 /* PDBViewController.swift in Sources */,
				843055D61F4EB96B000D0689 /* AppDelegate.swift in Sources */,
			);
			runOnlyForDeploymentPostprocessing = 0;
		};
/* End PBXSourcesBuildPhase section */

/* Begin PBXVariantGroup section */
		843055D91F4EB96B000D0689 /* Main.storyboard */ = {
			isa = PBXVariantGroup;
			children = (
				843055DA1F4EB96B000D0689 /* Base */,
			);
			name = Main.storyboard;
			sourceTree = "<group>";
		};
		843055DE1F4EB96B000D0689 /* LaunchScreen.storyboard */ = {
			isa = PBXVariantGroup;
			children = (
				843055DF1F4EB96B000D0689 /* Base */,
			);
			name = LaunchScreen.storyboard;
			sourceTree = "<group>";
		};
/* End PBXVariantGroup section */

/* Begin XCBuildConfiguration section */
		843055E21F4EB96B000D0689 /* Debug */ = {
			isa = XCBuildConfiguration;
			buildSettings = {
				ALWAYS_SEARCH_USER_PATHS = NO;
				CLANG_ANALYZER_NONNULL = YES;
				CLANG_CXX_LANGUAGE_STANDARD = "gnu++0x";
				CLANG_CXX_LIBRARY = "libc++";
				CLANG_ENABLE_MODULES = YES;
				CLANG_ENABLE_OBJC_ARC = YES;
				CLANG_WARN_BOOL_CONVERSION = YES;
				CLANG_WARN_CONSTANT_CONVERSION = YES;
				CLANG_WARN_DIRECT_OBJC_ISA_USAGE = YES_ERROR;
				CLANG_WARN_DOCUMENTATION_COMMENTS = YES;
				CLANG_WARN_EMPTY_BODY = YES;
				CLANG_WARN_ENUM_CONVERSION = YES;
				CLANG_WARN_INFINITE_RECURSION = YES;
				CLANG_WARN_INT_CONVERSION = YES;
				CLANG_WARN_OBJC_ROOT_CLASS = YES_ERROR;
				CLANG_WARN_SUSPICIOUS_MOVE = YES;
				CLANG_WARN_UNREACHABLE_CODE = YES;
				CLANG_WARN__DUPLICATE_METHOD_MATCH = YES;
				"CODE_SIGN_IDENTITY[sdk=iphoneos*]" = "iPhone Developer";
				COPY_PHASE_STRIP = NO;
				DEBUG_INFORMATION_FORMAT = dwarf;
				ENABLE_STRICT_OBJC_MSGSEND = YES;
				ENABLE_TESTABILITY = YES;
				GCC_C_LANGUAGE_STANDARD = gnu99;
				GCC_DYNAMIC_NO_PIC = NO;
				GCC_NO_COMMON_BLOCKS = YES;
				GCC_OPTIMIZATION_LEVEL = 0;
				GCC_PREPROCESSOR_DEFINITIONS = (
					"DEBUG=1",
					"$(inherited)",
				);
				GCC_WARN_64_TO_32_BIT_CONVERSION = YES;
				GCC_WARN_ABOUT_RETURN_TYPE = YES_ERROR;
				GCC_WARN_UNDECLARED_SELECTOR = YES;
				GCC_WARN_UNINITIALIZED_AUTOS = YES_AGGRESSIVE;
				GCC_WARN_UNUSED_FUNCTION = YES;
				GCC_WARN_UNUSED_VARIABLE = YES;
				IPHONEOS_DEPLOYMENT_TARGET = 10.2;
				MTL_ENABLE_DEBUG_INFO = YES;
				ONLY_ACTIVE_ARCH = YES;
				SDKROOT = iphoneos;
				SWIFT_ACTIVE_COMPILATION_CONDITIONS = DEBUG;
				SWIFT_OPTIMIZATION_LEVEL = "-Onone";
			};
			name = Debug;
		};
		843055E31F4EB96B000D0689 /* Release */ = {
			isa = XCBuildConfiguration;
			buildSettings = {
				ALWAYS_SEARCH_USER_PATHS = NO;
				CLANG_ANALYZER_NONNULL = YES;
				CLANG_CXX_LANGUAGE_STANDARD = "gnu++0x";
				CLANG_CXX_LIBRARY = "libc++";
				CLANG_ENABLE_MODULES = YES;
				CLANG_ENABLE_OBJC_ARC = YES;
				CLANG_WARN_BOOL_CONVERSION = YES;
				CLANG_WARN_CONSTANT_CONVERSION = YES;
				CLANG_WARN_DIRECT_OBJC_ISA_USAGE = YES_ERROR;
				CLANG_WARN_DOCUMENTATION_COMMENTS = YES;
				CLANG_WARN_EMPTY_BODY = YES;
				CLANG_WARN_ENUM_CONVERSION = YES;
				CLANG_WARN_INFINITE_RECURSION = YES;
				CLANG_WARN_INT_CONVERSION = YES;
				CLANG_WARN_OBJC_ROOT_CLASS = YES_ERROR;
				CLANG_WARN_SUSPICIOUS_MOVE = YES;
				CLANG_WARN_UNREACHABLE_CODE = YES;
				CLANG_WARN__DUPLICATE_METHOD_MATCH = YES;
				"CODE_SIGN_IDENTITY[sdk=iphoneos*]" = "iPhone Developer";
				COPY_PHASE_STRIP = NO;
				DEBUG_INFORMATION_FORMAT = "dwarf-with-dsym";
				ENABLE_NS_ASSERTIONS = NO;
				ENABLE_STRICT_OBJC_MSGSEND = YES;
				GCC_C_LANGUAGE_STANDARD = gnu99;
				GCC_NO_COMMON_BLOCKS = YES;
				GCC_WARN_64_TO_32_BIT_CONVERSION = YES;
				GCC_WARN_ABOUT_RETURN_TYPE = YES_ERROR;
				GCC_WARN_UNDECLARED_SELECTOR = YES;
				GCC_WARN_UNINITIALIZED_AUTOS = YES_AGGRESSIVE;
				GCC_WARN_UNUSED_FUNCTION = YES;
				GCC_WARN_UNUSED_VARIABLE = YES;
				IPHONEOS_DEPLOYMENT_TARGET = 10.2;
				MTL_ENABLE_DEBUG_INFO = NO;
				SDKROOT = iphoneos;
				SWIFT_OPTIMIZATION_LEVEL = "-Owholemodule";
				VALIDATE_PRODUCT = YES;
			};
			name = Release;
		};
		843055E51F4EB96B000D0689 /* Debug */ = {
			isa = XCBuildConfiguration;
			buildSettings = {
				ASSETCATALOG_COMPILER_APPICON_NAME = AppIcon;
				DEVELOPMENT_TEAM = L748ZMC8YR;
				INFOPLIST_FILE = DevicesConnection/Info.plist;
				IPHONEOS_DEPLOYMENT_TARGET = 8.0;
				LD_RUNPATH_SEARCH_PATHS = "$(inherited) @executable_path/Frameworks";
				PRODUCT_BUNDLE_IDENTIFIER = dashaproduction.DevicesConnection;
				PRODUCT_NAME = "$(TARGET_NAME)";
				SWIFT_VERSION = 3.0;
			};
			name = Debug;
		};
		843055E61F4EB96B000D0689 /* Release */ = {
			isa = XCBuildConfiguration;
			buildSettings = {
				ASSETCATALOG_COMPILER_APPICON_NAME = AppIcon;
				DEVELOPMENT_TEAM = L748ZMC8YR;
				INFOPLIST_FILE = DevicesConnection/Info.plist;
				IPHONEOS_DEPLOYMENT_TARGET = 8.0;
				LD_RUNPATH_SEARCH_PATHS = "$(inherited) @executable_path/Frameworks";
				PRODUCT_BUNDLE_IDENTIFIER = dashaproduction.DevicesConnection;
				PRODUCT_NAME = "$(TARGET_NAME)";
				SWIFT_VERSION = 3.0;
			};
			name = Release;
		};
/* End XCBuildConfiguration section */

/* Begin XCConfigurationList section */
		843055CD1F4EB96B000D0689 /* Build configuration list for PBXProject "DevicesConnection" */ = {
			isa = XCConfigurationList;
			buildConfigurations = (
				843055E21F4EB96B000D0689 /* Debug */,
				843055E31F4EB96B000D0689 /* Release */,
			);
			defaultConfigurationIsVisible = 0;
			defaultConfigurationName = Release;
		};
		843055E41F4EB96B000D0689 /* Build configuration list for PBXNativeTarget "DevicesConnection" */ = {
			isa = XCConfigurationList;
			buildConfigurations = (
				843055E51F4EB96B000D0689 /* Debug */,
				843055E61F4EB96B000D0689 /* Release */,
			);
			defaultConfigurationIsVisible = 0;
			defaultConfigurationName = Release;
		};
/* End XCConfigurationList section */
	};
	rootObject = 843055CA1F4EB96B000D0689 /* Project object */;
}
